<?xml version="1.0" encoding="utf-8"?>
<Project ToolsVersion="4.0" xmlns="http://schemas.microsoft.com/developer/msbuild/2003">
  <ItemGroup>
    <Filter Include="Source">
      <UniqueIdentifier>{4FC737F1-C7A5-4376-A066-2A32D752A2FF}</UniqueIdentifier>
      <Extensions>cpp;c;cc;cxx;def;odl;idl;hpj;bat;asm;asmx</Extensions>
    </Filter>
    <Filter Include="Source\000_Empty">
      <UniqueIdentifier>{6f2eb4e0-522e-43e2-8779-c57c6695fce8}</UniqueIdentifier>
    </Filter>
    <Filter Include="Source\010_Arm_Test">
      <UniqueIdentifier>{f8563b97-2d49-48c5-8cb4-aad12ede49bb}</UniqueIdentifier>
    </Filter>
    <Filter Include="Source\011_Arm_4_Target">
      <UniqueIdentifier>{51061ef1-2039-433c-8e4e-cf32238e6f91}</UniqueIdentifier>
    </Filter>
    <Filter Include="Source\001_Single_Joint">
      <UniqueIdentifier>{5d6e4b5e-410b-47e0-a7e6-89fb29199e9b}</UniqueIdentifier>
    </Filter>
  </ItemGroup>
  <ItemGroup>
    <ClCompile Include="main.cpp">
      <Filter>Source</Filter>
    </ClCompile>
    <ClCompile Include="examples\000_Empty\000_enviroment.cpp">
      <Filter>Source\000_Empty</Filter>
    </ClCompile>
    <ClCompile Include="examples\011_Arm_4_Target\011_enviroment.cpp">
      <Filter>Source\011_Arm_4_Target</Filter>
    </ClCompile>
    <ClCompile Include="examples\010_Arm_Test\010_enviroment.cpp">
      <Filter>Source\010_Arm_Test</Filter>
    </ClCompile>
    <ClCompile Include="examples\001_Single_Joint\001_enviroment.cpp">
      <Filter>Source\001_Single_Joint</Filter>
    </ClCompile>
  </ItemGroup>
  <ItemGroup>
    <ClInclude Include="ExampleImporter.h">
      <Filter>Source</Filter>
    </ClInclude>
    <ClInclude Include="examples\000_Empty\000_enviroment.h">
      <Filter>Source\000_Empty</Filter>
    </ClInclude>
    <ClInclude Include="CommonEnviroment.h">
      <Filter>Source</Filter>
    </ClInclude>
    <ClInclude Include="examples\011_Arm_4_Target\011_enviroment.h">
      <Filter>Source\011_Arm_4_Target</Filter>
    </ClInclude>
    <ClInclude Include="examples\010_Arm_Test\010_enviroment.h">
      <Filter>Source\010_Arm_Test</Filter>
    </ClInclude>
    <ClInclude Include="examples\001_Single_Joint\001_enviroment.h">
      <Filter>Source\001_Single_Joint</Filter>
    </ClInclude>
    <ClInclude Include="examples\001_Single_Joint\Action.h">
      <Filter>Source\001_Single_Joint</Filter>
    </ClInclude>
    <ClInclude Include="examples\001_Single_Joint\ActionMemory.h">
      <Filter>Source\001_Single_Joint</Filter>
    </ClInclude>
    <ClInclude Include="examples\001_Single_Joint\ActionRecorder.h">
      <Filter>Source\001_Single_Joint</Filter>
    </ClInclude>
    <ClInclude Include="examples\001_Single_Joint\LinearHypothesis.h">
      <Filter>Source\001_Single_Joint</Filter>
    </ClInclude>
    <ClInclude Include="examples\010_Arm_Test\Action.h">
      <Filter>Source\010_Arm_Test</Filter>
    </ClInclude>
    <ClInclude Include="examples\010_Arm_Test\AnimationMemory.h">
      <Filter>Source\010_Arm_Test</Filter>
    </ClInclude>
    <ClInclude Include="examples\010_Arm_Test\ArmRL.h">
      <Filter>Source\010_Arm_Test</Filter>
    </ClInclude>
  </ItemGroup>
</Project>