<?xml version="1.0" encoding="utf-8"?>
<Project ToolsVersion="4.0" xmlns="http://schemas.microsoft.com/developer/msbuild/2003">
  <ItemGroup>
    <ClCompile Include="main.cpp">
      <Filter>source</Filter>
    </ClCompile>
    <ClCompile Include="examples\000_Empty\000_enviroment.cpp">
      <Filter>source\000</Filter>
    </ClCompile>
    <ClCompile Include="examples\001_Single_Joint\001_enviroment.cpp">
      <Filter>source\001</Filter>
    </ClCompile>
    <ClCompile Include="examples\002_Two_Joint_Enviroment_Test\002_enviroment.cpp">
      <Filter>source\002</Filter>
    </ClCompile>
    <ClCompile Include="examples\003_Recorder\003_enviroment.cpp">
      <Filter>source\003</Filter>
    </ClCompile>
    <ClCompile Include="examples\010_Arm_Test\010_enviroment.cpp">
      <Filter>source\010</Filter>
    </ClCompile>
    <ClCompile Include="examples\011_Arm_4_Target\011_enviroment.cpp">
      <Filter>source\011</Filter>
    </ClCompile>
    <ClCompile Include="examples\012_Angle_Distance_Reward\012_enviroment.cpp">
      <Filter>source\012</Filter>
    </ClCompile>
    <ClCompile Include="examples\020_lab0_Enviroment\020_enviroment.cpp">
      <Filter>source\020</Filter>
    </ClCompile>
    <ClCompile Include="examples\021_lab0_Add_Angle\021_enviroment.cpp">
      <Filter>source\021</Filter>
    </ClCompile>
    <ClCompile Include="examples\040_Body_Enviroment_Test\040_enviroment.cpp">
      <Filter>source\040</Filter>
    </ClCompile>
    <ClCompile Include="examples\030_Body_NN_Test\030_enviroment.cpp">
      <Filter>source\030</Filter>
    </ClCompile>
    <ClCompile Include="examples\050_lab1_Enviroment\050_enviroment.cpp">
      <Filter>source\050</Filter>
    </ClCompile>
    <ClCompile Include="examples\051_lab1_F2TAD_Angle\051_enviroment.cpp">
      <Filter>source\051</Filter>
    </ClCompile>
    <ClCompile Include="examples\052_lab1_Second\052_enviroment.cpp">
      <Filter>source\052</Filter>
    </ClCompile>
    <ClCompile Include="examples\053_lab1_Third\053_enviroment.cpp">
      <Filter>source\053</Filter>
    </ClCompile>
    <ClCompile Include="examples\200_labF_Enviroment_Test\200_enviroment.cpp">
      <Filter>source\200</Filter>
    </ClCompile>
  </ItemGroup>
  <ItemGroup>
    <ClInclude Include="CommonEnviroment.h">
      <Filter>source</Filter>
    </ClInclude>
    <ClInclude Include="ExampleImporter.h">
      <Filter>source</Filter>
    </ClInclude>
    <ClInclude Include="resource.h">
      <Filter>resource</Filter>
    </ClInclude>
    <ClInclude Include="examples\000_Empty\000_enviroment.h">
      <Filter>source\000</Filter>
    </ClInclude>
    <ClInclude Include="examples\001_Single_Joint\001_enviroment.h">
      <Filter>source\001</Filter>
    </ClInclude>
    <ClInclude Include="examples\002_Two_Joint_Enviroment_Test\002_enviroment.h">
      <Filter>source\002</Filter>
    </ClInclude>
    <ClInclude Include="examples\003_Recorder\003_enviroment.h">
      <Filter>source\003</Filter>
    </ClInclude>
    <ClInclude Include="examples\010_Arm_Test\010_enviroment.h">
      <Filter>source\010</Filter>
    </ClInclude>
    <ClInclude Include="examples\011_Arm_4_Target\011_enviroment.h">
      <Filter>source\011</Filter>
    </ClInclude>
    <ClInclude Include="examples\012_Angle_Distance_Reward\012_enviroment.h">
      <Filter>source\012</Filter>
    </ClInclude>
    <ClInclude Include="examples\020_lab0_Enviroment\020_enviroment.h">
      <Filter>source\020</Filter>
    </ClInclude>
    <ClInclude Include="examples\001_Single_Joint\Action.h">
      <Filter>source\001</Filter>
    </ClInclude>
    <ClInclude Include="examples\010_Arm_Test\Action.h">
      <Filter>source\010</Filter>
    </ClInclude>
    <ClInclude Include="examples\001_Single_Joint\ActionMemory.h">
      <Filter>source\001</Filter>
    </ClInclude>
    <ClInclude Include="examples\003_Recorder\ActionMemory.h">
      <Filter>source\003</Filter>
    </ClInclude>
    <ClInclude Include="examples\001_Single_Joint\ActionRecorder.h">
      <Filter>source\001</Filter>
    </ClInclude>
    <ClInclude Include="examples\020_lab0_Enviroment\Actions.h">
      <Filter>source\020</Filter>
    </ClInclude>
    <ClInclude Include="examples\003_Recorder\Actions.h">
      <Filter>source\003</Filter>
    </ClInclude>
    <ClInclude Include="examples\002_Two_Joint_Enviroment_Test\Actions.h">
      <Filter>source\002</Filter>
    </ClInclude>
    <ClInclude Include="examples\010_Arm_Test\AnimationMemory.h">
      <Filter>source\010</Filter>
    </ClInclude>
    <ClInclude Include="examples\010_Arm_Test\ArmRL.h">
      <Filter>source\010</Filter>
    </ClInclude>
    <ClInclude Include="examples\001_Single_Joint\LinearHypothesis.h">
      <Filter>source\001</Filter>
    </ClInclude>
    <ClInclude Include="examples\003_Recorder\Logger.h">
      <Filter>source\003</Filter>
    </ClInclude>
    <ClInclude Include="examples\020_lab0_Enviroment\ActionMemory.h">
      <Filter>source\020</Filter>
    </ClInclude>
    <ClInclude Include="examples\020_lab0_Enviroment\Logger.h">
      <Filter>source\020</Filter>
    </ClInclude>
    <ClInclude Include="examples\020_lab0_Enviroment\ArmReinforcementLearning.h">
      <Filter>source\020</Filter>
    </ClInclude>
    <ClInclude Include="examples\021_lab0_Add_Angle\021_enviroment.h">
      <Filter>source\021</Filter>
    </ClInclude>
    <ClInclude Include="examples\021_lab0_Add_Angle\ActionMemory.h">
      <Filter>source\021</Filter>
    </ClInclude>
    <ClInclude Include="examples\021_lab0_Add_Angle\Actions.h">
      <Filter>source\021</Filter>
    </ClInclude>
    <ClInclude Include="examples\021_lab0_Add_Angle\ArmReinforcementLearning.h">
      <Filter>source\021</Filter>
    </ClInclude>
    <ClInclude Include="examples\021_lab0_Add_Angle\Logger.h">
      <Filter>source\021</Filter>
    </ClInclude>
    <ClInclude Include="examples\040_Body_Enviroment_Test\040_enviroment.h">
      <Filter>source\040</Filter>
    </ClInclude>
    <ClInclude Include="examples\040_Body_Enviroment_Test\Actions.h">
      <Filter>source\040</Filter>
    </ClInclude>
    <ClInclude Include="examples\030_Body_NN_Test\030_enviroment.h">
      <Filter>source\030</Filter>
    </ClInclude>
    <ClInclude Include="examples\030_Body_NN_Test\ActionMemory.h">
      <Filter>source\030</Filter>
    </ClInclude>
    <ClInclude Include="examples\030_Body_NN_Test\Actions.h">
      <Filter>source\030</Filter>
    </ClInclude>
    <ClInclude Include="examples\030_Body_NN_Test\ArmReinforcementLearning.h">
      <Filter>source\030</Filter>
    </ClInclude>
    <ClInclude Include="examples\030_Body_NN_Test\Logger.h">
      <Filter>source\030</Filter>
    </ClInclude>
    <ClInclude Include="examples\050_lab1_Enviroment\050_enviroment.h">
      <Filter>source\050</Filter>
    </ClInclude>
    <ClInclude Include="examples\050_lab1_Enviroment\Actions.h">
      <Filter>source\050</Filter>
    </ClInclude>
    <ClInclude Include="examples\050_lab1_Enviroment\ActionMemory.h">
      <Filter>source\050</Filter>
    </ClInclude>
    <ClInclude Include="examples\050_lab1_Enviroment\Lab1ReinforcementLearning.h">
      <Filter>source\050</Filter>
    </ClInclude>
    <ClInclude Include="examples\050_lab1_Enviroment\Logger.h">
      <Filter>source\050</Filter>
    </ClInclude>
    <ClInclude Include="examples\050_lab1_Enviroment\Targets.h">
      <Filter>source\050</Filter>
    </ClInclude>
    <ClInclude Include="examples\051_lab1_F2TAD_Angle\051_enviroment.h">
      <Filter>source\051</Filter>
    </ClInclude>
    <ClInclude Include="examples\051_lab1_F2TAD_Angle\ActionMemory.h">
      <Filter>source\051</Filter>
    </ClInclude>
    <ClInclude Include="examples\051_lab1_F2TAD_Angle\Actions.h">
      <Filter>source\051</Filter>
    </ClInclude>
    <ClInclude Include="examples\051_lab1_F2TAD_Angle\Lab1ReinforcementLearning.h">
      <Filter>source\051</Filter>
    </ClInclude>
    <ClInclude Include="examples\051_lab1_F2TAD_Angle\Logger.h">
      <Filter>source\051</Filter>
    </ClInclude>
    <ClInclude Include="examples\051_lab1_F2TAD_Angle\Targets.h">
      <Filter>source\051</Filter>
    </ClInclude>
    <ClInclude Include="examples\052_lab1_Second\052_enviroment.h">
      <Filter>source\052</Filter>
    </ClInclude>
    <ClInclude Include="examples\052_lab1_Second\ActionMemory.h">
      <Filter>source\052</Filter>
    </ClInclude>
    <ClInclude Include="examples\052_lab1_Second\Actions.h">
      <Filter>source\052</Filter>
    </ClInclude>
    <ClInclude Include="examples\052_lab1_Second\Lab1ReinforcementLearning.h">
      <Filter>source\052</Filter>
    </ClInclude>
    <ClInclude Include="examples\052_lab1_Second\Logger.h">
      <Filter>source\052</Filter>
    </ClInclude>
    <ClInclude Include="examples\052_lab1_Second\Targets.h">
      <Filter>source\052</Filter>
    </ClInclude>
    <ClInclude Include="examples\053_lab1_Third\053_enviroment.h">
      <Filter>source\053</Filter>
    </ClInclude>
    <ClInclude Include="examples\053_lab1_Third\ActionMemory.h">
      <Filter>source\053</Filter>
    </ClInclude>
    <ClInclude Include="examples\053_lab1_Third\Actions.h">
      <Filter>source\053</Filter>
    </ClInclude>
    <ClInclude Include="examples\053_lab1_Third\Lab1ReinforcementLearning.h">
      <Filter>source\053</Filter>
    </ClInclude>
    <ClInclude Include="examples\053_lab1_Third\Logger.h">
      <Filter>source\053</Filter>
    </ClInclude>
    <ClInclude Include="examples\053_lab1_Third\Targets.h">
      <Filter>source\053</Filter>
    </ClInclude>
    <ClInclude Include="examples\200_labF_Enviroment_Test\200_enviroment.h">
      <Filter>source\200</Filter>
    </ClInclude>
    <ClInclude Include="examples\200_labF_Enviroment_Test\ActionMemory.h">
      <Filter>source\200</Filter>
    </ClInclude>
    <ClInclude Include="examples\200_labF_Enviroment_Test\Actions.h">
      <Filter>source\200</Filter>
    </ClInclude>
    <ClInclude Include="examples\200_labF_Enviroment_Test\Logger.h">
      <Filter>source\200</Filter>
    </ClInclude>
    <ClInclude Include="examples\200_labF_Enviroment_Test\RL.h">
      <Filter>source\200</Filter>
    </ClInclude>
    <ClInclude Include="examples\200_labF_Enviroment_Test\Targets.h">
      <Filter>source\200</Filter>
    </ClInclude>
  </ItemGroup>
  <ItemGroup>
    <Filter Include="source">
      <UniqueIdentifier>{dd658889-3250-4a9f-9e63-9857837222c4}</UniqueIdentifier>
    </Filter>
    <Filter Include="resource">
      <UniqueIdentifier>{647aedb0-096b-419e-9237-121b8bb27126}</UniqueIdentifier>
    </Filter>
    <Filter Include="source\000">
      <UniqueIdentifier>{219b2a88-3351-4c69-ae4e-9c3dbbae21e2}</UniqueIdentifier>
    </Filter>
    <Filter Include="source\001">
      <UniqueIdentifier>{9569e1c4-bec5-4a75-939e-9a6338e2fcca}</UniqueIdentifier>
    </Filter>
    <Filter Include="source\002">
      <UniqueIdentifier>{925b6fe0-8e4c-4698-b681-dd8b6a98208d}</UniqueIdentifier>
    </Filter>
    <Filter Include="source\003">
      <UniqueIdentifier>{fbacf429-5754-4ef3-b062-6dd6d73e3d35}</UniqueIdentifier>
    </Filter>
    <Filter Include="source\010">
      <UniqueIdentifier>{22400e9e-c5d9-4e73-b01e-abf26ce630b8}</UniqueIdentifier>
    </Filter>
    <Filter Include="source\011">
      <UniqueIdentifier>{9fd0525c-b99a-459a-b24b-7310fa6b4153}</UniqueIdentifier>
    </Filter>
    <Filter Include="source\012">
      <UniqueIdentifier>{5d3d6b16-c61c-4606-adc1-4ffeb1ab37e4}</UniqueIdentifier>
    </Filter>
    <Filter Include="source\020">
      <UniqueIdentifier>{7fc89eeb-f9d7-45a2-81b4-d4331381e9bb}</UniqueIdentifier>
    </Filter>
    <Filter Include="source\021">
      <UniqueIdentifier>{a7a91898-71fe-4986-9437-60d0d6fbbacf}</UniqueIdentifier>
    </Filter>
    <Filter Include="source\040">
      <UniqueIdentifier>{b3961ea2-0056-4564-b28c-bd719f2355f1}</UniqueIdentifier>
    </Filter>
    <Filter Include="source\030">
      <UniqueIdentifier>{12c4f748-6f7d-4ae9-917d-b94730a11f0a}</UniqueIdentifier>
    </Filter>
    <Filter Include="source\050">
      <UniqueIdentifier>{370f71ea-4f76-4dd5-93db-b683931412d4}</UniqueIdentifier>
    </Filter>
    <Filter Include="source\051">
      <UniqueIdentifier>{4e4d7597-1341-45bf-8e1a-8b23ecf2016b}</UniqueIdentifier>
    </Filter>
    <Filter Include="source\052">
      <UniqueIdentifier>{a2119fe8-4fa0-490c-a367-3460ab87f13a}</UniqueIdentifier>
    </Filter>
    <Filter Include="source\053">
      <UniqueIdentifier>{df585ca0-2fb9-400a-895f-af989eacb2bd}</UniqueIdentifier>
    </Filter>
    <Filter Include="source\200">
      <UniqueIdentifier>{05755511-7aa1-4d4b-9eb1-4bfcbb4b8979}</UniqueIdentifier>
    </Filter>
  </ItemGroup>
  <ItemGroup>
    <None Include="003_log.csv">
      <Filter>resource</Filter>
    </None>
  </ItemGroup>
  <ItemGroup>
    <ResourceCompile Include="App.rc">
      <Filter>resource</Filter>
    </ResourceCompile>
  </ItemGroup>
</Project>